// !$*UTF8*$!
{
	archiveVersion = 1;
	classes = {
	};
	objectVersion = 77;
	objects = {

/* Begin PBXBuildFile section */
		261205842D78593D00F995E5 /* CustomButton.swift in Sources */ = {isa = PBXBuildFile; fileRef = 261205832D78593D00F995E5 /* CustomButton.swift */; };
		261205862D78597000F995E5 /* ProfileHeaderView.swift in Sources */ = {isa = PBXBuildFile; fileRef = 261205852D78597000F995E5 /* ProfileHeaderView.swift */; };
		26210DAF2D78348300500976 /* FeedView.swift in Sources */ = {isa = PBXBuildFile; fileRef = 26210DAE2D78348000500976 /* FeedView.swift */; };
		26210DB22D78395800500976 /* ProfileView.swift in Sources */ = {isa = PBXBuildFile; fileRef = 26210DB12D78395100500976 /* ProfileView.swift */; };
		26210DB42D783B2800500976 /* HeaderView.swift in Sources */ = {isa = PBXBuildFile; fileRef = 26210DB32D783B2800500976 /* HeaderView.swift */; };
		263F48962D67C88D0024A8E2 /* Preview Assets.xcassets in Resources */ = {isa = PBXBuildFile; fileRef = 263F488F2D67C88D0024A8E2 /* Preview Assets.xcassets */; };
		263F48972D67C88D0024A8E2 /* Assets.xcassets in Resources */ = {isa = PBXBuildFile; fileRef = 263F48932D67C88D0024A8E2 /* Assets.xcassets */; };
		263F48982D67C88D0024A8E2 /* FacebookSwiftUIApp.swift in Sources */ = {isa = PBXBuildFile; fileRef = 263F488C2D67C88D0024A8E2 /* FacebookSwiftUIApp.swift */; };
		263F48992D67C88D0024A8E2 /* ContentView.swift in Sources */ = {isa = PBXBuildFile; fileRef = 263F48942D67C88D0024A8E2 /* ContentView.swift */; };
		263F48A62D67C9130024A8E2 /* MainTabView.swift in Sources */ = {isa = PBXBuildFile; fileRef = 263F48A52D67C90F0024A8E2 /* MainTabView.swift */; };
		265292C32D78413E00CA7F92 /* DividerView.swift in Sources */ = {isa = PBXBuildFile; fileRef = 265292C22D78413800CA7F92 /* DividerView.swift */; };
		265292C52D78417800CA7F92 /* MyStoryCardView.swift in Sources */ = {isa = PBXBuildFile; fileRef = 265292C42D78417800CA7F92 /* MyStoryCardView.swift */; };
		265292C92D78469A00CA7F92 /* StoryFeedView.swift in Sources */ = {isa = PBXBuildFile; fileRef = 265292C82D78469A00CA7F92 /* StoryFeedView.swift */; };
		265292CB2D7846CC00CA7F92 /* StoryCardView.swift in Sources */ = {isa = PBXBuildFile; fileRef = 265292CA2D7846CC00CA7F92 /* StoryCardView.swift */; };
		265292CD2D784D5700CA7F92 /* PostView.swift in Sources */ = {isa = PBXBuildFile; fileRef = 265292CC2D784D5700CA7F92 /* PostView.swift */; };
		26D69C992D79DC100084313B /* ProfileFriendsView.swift in Sources */ = {isa = PBXBuildFile; fileRef = 26D69C982D79DC100084313B /* ProfileFriendsView.swift */; };
		26D69C9B2D79DC4B0084313B /* ProfileOptionsView.swift in Sources */ = {isa = PBXBuildFile; fileRef = 26D69C9A2D79DC4B0084313B /* ProfileOptionsView.swift */; };
/* End PBXBuildFile section */

/* Begin PBXFileReference section */
		261205832D78593D00F995E5 /* CustomButton.swift */ = {isa = PBXFileReference; lastKnownFileType = sourcecode.swift; path = CustomButton.swift; sourceTree = "<group>"; };
		261205852D78597000F995E5 /* ProfileHeaderView.swift */ = {isa = PBXFileReference; lastKnownFileType = sourcecode.swift; path = ProfileHeaderView.swift; sourceTree = "<group>"; };
		26210DAE2D78348000500976 /* FeedView.swift */ = {isa = PBXFileReference; lastKnownFileType = sourcecode.swift; path = FeedView.swift; sourceTree = "<group>"; };
		26210DB12D78395100500976 /* ProfileView.swift */ = {isa = PBXFileReference; lastKnownFileType = sourcecode.swift; path = ProfileView.swift; sourceTree = "<group>"; };
		26210DB32D783B2800500976 /* HeaderView.swift */ = {isa = PBXFileReference; lastKnownFileType = sourcecode.swift; path = HeaderView.swift; sourceTree = "<group>"; };
		263F48632D67C6B10024A8E2 /* FacebookSwiftUI.app */ = {isa = PBXFileReference; explicitFileType = wrapper.application; includeInIndex = 0; path = FacebookSwiftUI.app; sourceTree = BUILT_PRODUCTS_DIR; };
		263F488C2D67C88D0024A8E2 /* FacebookSwiftUIApp.swift */ = {isa = PBXFileReference; lastKnownFileType = sourcecode.swift; path = FacebookSwiftUIApp.swift; sourceTree = "<group>"; };
		263F488F2D67C88D0024A8E2 /* Preview Assets.xcassets */ = {isa = PBXFileReference; lastKnownFileType = folder.assetcatalog; path = "Preview Assets.xcassets"; sourceTree = "<group>"; };
		263F48932D67C88D0024A8E2 /* Assets.xcassets */ = {isa = PBXFileReference; lastKnownFileType = folder.assetcatalog; path = Assets.xcassets; sourceTree = "<group>"; };
		263F48942D67C88D0024A8E2 /* ContentView.swift */ = {isa = PBXFileReference; lastKnownFileType = sourcecode.swift; path = ContentView.swift; sourceTree = "<group>"; };
		263F48A52D67C90F0024A8E2 /* MainTabView.swift */ = {isa = PBXFileReference; lastKnownFileType = sourcecode.swift; path = MainTabView.swift; sourceTree = "<group>"; };
		265292C22D78413800CA7F92 /* DividerView.swift */ = {isa = PBXFileReference; lastKnownFileType = sourcecode.swift; path = DividerView.swift; sourceTree = "<group>"; };
		265292C42D78417800CA7F92 /* MyStoryCardView.swift */ = {isa = PBXFileReference; lastKnownFileType = sourcecode.swift; path = MyStoryCardView.swift; sourceTree = "<group>"; };
		265292C82D78469A00CA7F92 /* StoryFeedView.swift */ = {isa = PBXFileReference; lastKnownFileType = sourcecode.swift; path = StoryFeedView.swift; sourceTree = "<group>"; };
		265292CA2D7846CC00CA7F92 /* StoryCardView.swift */ = {isa = PBXFileReference; lastKnownFileType = sourcecode.swift; path = StoryCardView.swift; sourceTree = "<group>"; };
		265292CC2D784D5700CA7F92 /* PostView.swift */ = {isa = PBXFileReference; lastKnownFileType = sourcecode.swift; path = PostView.swift; sourceTree = "<group>"; };
		26D69C982D79DC100084313B /* ProfileFriendsView.swift */ = {isa = PBXFileReference; lastKnownFileType = sourcecode.swift; path = ProfileFriendsView.swift; sourceTree = "<group>"; };
		26D69C9A2D79DC4B0084313B /* ProfileOptionsView.swift */ = {isa = PBXFileReference; lastKnownFileType = sourcecode.swift; path = ProfileOptionsView.swift; sourceTree = "<group>"; };
/* End PBXFileReference section */

/* Begin PBXFrameworksBuildPhase section */
		263F48602D67C6B10024A8E2 /* Frameworks */ = {
			isa = PBXFrameworksBuildPhase;
			buildActionMask = 2147483647;
			files = (
			);
			runOnlyForDeploymentPostprocessing = 0;
		};
/* End PBXFrameworksBuildPhase section */

/* Begin PBXGroup section */
		26210DB02D78394A00500976 /* View */ = {
			isa = PBXGroup;
			children = (
				26210DB12D78395100500976 /* ProfileView.swift */,
				26D69C9A2D79DC4B0084313B /* ProfileOptionsView.swift */,
				26D69C982D79DC100084313B /* ProfileFriendsView.swift */,
				261205852D78597000F995E5 /* ProfileHeaderView.swift */,
			);
			path = View;
			sourceTree = "<group>";
		};
		263F485A2D67C6B10024A8E2 = {
			isa = PBXGroup;
			children = (
				263F48952D67C88D0024A8E2 /* FacebookSwiftUI */,
				263F48642D67C6B10024A8E2 /* Products */,
			);
			sourceTree = "<group>";
		};
		263F48642D67C6B10024A8E2 /* Products */ = {
			isa = PBXGroup;
			children = (
				263F48632D67C6B10024A8E2 /* FacebookSwiftUI.app */,
			);
			name = Products;
			sourceTree = "<group>";
		};
		263F488D2D67C88D0024A8E2 /* App */ = {
			isa = PBXGroup;
			children = (
				263F488C2D67C88D0024A8E2 /* FacebookSwiftUIApp.swift */,
			);
			path = App;
			sourceTree = "<group>";
		};
		263F488E2D67C88D0024A8E2 /* Model */ = {
			isa = PBXGroup;
			children = (
				263F48A32D67C8B10024A8E2 /* Authentication */,
				263F48A22D67C8B00024A8E2 /* Components */,
				263F48A12D67C8AE0024A8E2 /* CreatePost */,
				263F48A02D67C8AD0024A8E2 /* Feed */,
				263F489F2D67C8AB0024A8E2 /* Friends */,
				263F489E2D67C8AA0024A8E2 /* Marketplace */,
				263F489D2D67C8A70024A8E2 /* Menu */,
				263F489C2D67C8950024A8E2 /* Profile */,
				263F489B2D67C8930024A8E2 /* Root */,
				263F489A2D67C8910024A8E2 /* Video */,
				263F48A42D67C8E50024A8E2 /* Tabbar */,
			);
			path = Model;
			sourceTree = "<group>";
		};
		263F48902D67C88D0024A8E2 /* Preview Content */ = {
			isa = PBXGroup;
			children = (
				263F488F2D67C88D0024A8E2 /* Preview Assets.xcassets */,
			);
			path = "Preview Content";
			sourceTree = "<group>";
		};
		263F48912D67C88D0024A8E2 /* Service */ = {
			isa = PBXGroup;
			children = (
			);
			path = Service;
			sourceTree = "<group>";
		};
		263F48922D67C88D0024A8E2 /* Utils */ = {
			isa = PBXGroup;
			children = (
			);
			path = Utils;
			sourceTree = "<group>";
		};
		263F48952D67C88D0024A8E2 /* FacebookSwiftUI */ = {
			isa = PBXGroup;
			children = (
				263F488D2D67C88D0024A8E2 /* App */,
				263F488E2D67C88D0024A8E2 /* Model */,
				263F48902D67C88D0024A8E2 /* Preview Content */,
				263F48912D67C88D0024A8E2 /* Service */,
				263F48922D67C88D0024A8E2 /* Utils */,
				263F48932D67C88D0024A8E2 /* Assets.xcassets */,
				263F48942D67C88D0024A8E2 /* ContentView.swift */,
			);
			path = FacebookSwiftUI;
			sourceTree = "<group>";
		};
		263F489A2D67C8910024A8E2 /* Video */ = {
			isa = PBXGroup;
			children = (
			);
			path = Video;
			sourceTree = "<group>";
		};
		263F489B2D67C8930024A8E2 /* Root */ = {
			isa = PBXGroup;
			children = (
			);
			path = Root;
			sourceTree = "<group>";
		};
		263F489C2D67C8950024A8E2 /* Profile */ = {
			isa = PBXGroup;
			children = (
				26210DB02D78394A00500976 /* View */,
			);
			path = Profile;
			sourceTree = "<group>";
		};
		263F489D2D67C8A70024A8E2 /* Menu */ = {
			isa = PBXGroup;
			children = (
			);
			path = Menu;
			sourceTree = "<group>";
		};
		263F489E2D67C8AA0024A8E2 /* Marketplace */ = {
			isa = PBXGroup;
			children = (
			);
			path = Marketplace;
			sourceTree = "<group>";
		};
		263F489F2D67C8AB0024A8E2 /* Friends */ = {
			isa = PBXGroup;
			children = (
			);
			path = Friends;
			sourceTree = "<group>";
		};
		263F48A02D67C8AD0024A8E2 /* Feed */ = {
			isa = PBXGroup;
			children = (
				26210DAE2D78348000500976 /* FeedView.swift */,
				265292C82D78469A00CA7F92 /* StoryFeedView.swift */,
				265292CA2D7846CC00CA7F92 /* StoryCardView.swift */,
				265292C42D78417800CA7F92 /* MyStoryCardView.swift */,
				26210DB32D783B2800500976 /* HeaderView.swift */,
			);
			path = Feed;
			sourceTree = "<group>";
		};
		263F48A12D67C8AE0024A8E2 /* CreatePost */ = {
			isa = PBXGroup;
			children = (
			);
			path = CreatePost;
			sourceTree = "<group>";
		};
		263F48A22D67C8B00024A8E2 /* Components */ = {
			isa = PBXGroup;
			children = (
				265292C12D78413300CA7F92 /* Views */,
			);
			path = Components;
			sourceTree = "<group>";
		};
		263F48A32D67C8B10024A8E2 /* Authentication */ = {
			isa = PBXGroup;
			children = (
			);
			path = Authentication;
			sourceTree = "<group>";
		};
		263F48A42D67C8E50024A8E2 /* Tabbar */ = {
			isa = PBXGroup;
			children = (
				263F48A52D67C90F0024A8E2 /* MainTabView.swift */,
			);
			path = Tabbar;
			sourceTree = "<group>";
		};
		265292C12D78413300CA7F92 /* Views */ = {
			isa = PBXGroup;
			children = (
				265292C22D78413800CA7F92 /* DividerView.swift */,
				261205832D78593D00F995E5 /* CustomButton.swift */,
				265292CC2D784D5700CA7F92 /* PostView.swift */,
			);
			path = Views;
			sourceTree = "<group>";
		};
/* End PBXGroup section */

/* Begin PBXNativeTarget section */
		263F48622D67C6B10024A8E2 /* FacebookSwiftUI */ = {
			isa = PBXNativeTarget;
			buildConfigurationList = 263F48712D67C6B20024A8E2 /* Build configuration list for PBXNativeTarget "FacebookSwiftUI" */;
			buildPhases = (
				263F485F2D67C6B10024A8E2 /* Sources */,
				263F48602D67C6B10024A8E2 /* Frameworks */,
				263F48612D67C6B10024A8E2 /* Resources */,
			);
			buildRules = (
			);
			dependencies = (
			);
			name = FacebookSwiftUI;
			packageProductDependencies = (
			);
			productName = FacebookSwiftUI;
			productReference = 263F48632D67C6B10024A8E2 /* FacebookSwiftUI.app */;
			productType = "com.apple.product-type.application";
		};
/* End PBXNativeTarget section */

/* Begin PBXProject section */
		263F485B2D67C6B10024A8E2 /* Project object */ = {
			isa = PBXProject;
			attributes = {
				BuildIndependentTargetsInParallel = 1;
				LastSwiftUpdateCheck = 1620;
				LastUpgradeCheck = 1620;
				TargetAttributes = {
					263F48622D67C6B10024A8E2 = {
						CreatedOnToolsVersion = 16.2;
					};
				};
			};
			buildConfigurationList = 263F485E2D67C6B10024A8E2 /* Build configuration list for PBXProject "FacebookSwiftUI" */;
			developmentRegion = en;
			hasScannedForEncodings = 0;
			knownRegions = (
				en,
				Base,
			);
			mainGroup = 263F485A2D67C6B10024A8E2;
			minimizedProjectReferenceProxies = 1;
			preferredProjectObjectVersion = 77;
			productRefGroup = 263F48642D67C6B10024A8E2 /* Products */;
			projectDirPath = "";
			projectRoot = "";
			targets = (
				263F48622D67C6B10024A8E2 /* FacebookSwiftUI */,
			);
		};
/* End PBXProject section */

/* Begin PBXResourcesBuildPhase section */
		263F48612D67C6B10024A8E2 /* Resources */ = {
			isa = PBXResourcesBuildPhase;
			buildActionMask = 2147483647;
			files = (
				263F48962D67C88D0024A8E2 /* Preview Assets.xcassets in Resources */,
				263F48972D67C88D0024A8E2 /* Assets.xcassets in Resources */,
			);
			runOnlyForDeploymentPostprocessing = 0;
		};
/* End PBXResourcesBuildPhase section */

/* Begin PBXSourcesBuildPhase section */
		263F485F2D67C6B10024A8E2 /* Sources */ = {
			isa = PBXSourcesBuildPhase;
			buildActionMask = 2147483647;
			files = (
				26D69C992D79DC100084313B /* ProfileFriendsView.swift in Sources */,
				26D69C9B2D79DC4B0084313B /* ProfileOptionsView.swift in Sources */,
				265292C92D78469A00CA7F92 /* StoryFeedView.swift in Sources */,
				26210DAF2D78348300500976 /* FeedView.swift in Sources */,
				26210DB42D783B2800500976 /* HeaderView.swift in Sources */,
				265292C32D78413E00CA7F92 /* DividerView.swift in Sources */,
				263F48982D67C88D0024A8E2 /* FacebookSwiftUIApp.swift in Sources */,
				265292C52D78417800CA7F92 /* MyStoryCardView.swift in Sources */,
				261205862D78597000F995E5 /* ProfileHeaderView.swift in Sources */,
				265292CB2D7846CC00CA7F92 /* StoryCardView.swift in Sources */,
				26210DB22D78395800500976 /* ProfileView.swift in Sources */,
				261205842D78593D00F995E5 /* CustomButton.swift in Sources */,
				263F48992D67C88D0024A8E2 /* ContentView.swift in Sources */,
				263F48A62D67C9130024A8E2 /* MainTabView.swift in Sources */,
				265292CD2D784D5700CA7F92 /* PostView.swift in Sources */,
			);
			runOnlyForDeploymentPostprocessing = 0;
		};
/* End PBXSourcesBuildPhase section */

/* Begin XCBuildConfiguration section */
		263F486F2D67C6B20024A8E2 /* Debug */ = {
			isa = XCBuildConfiguration;
			buildSettings = {
				ALWAYS_SEARCH_USER_PATHS = NO;
				ASSETCATALOG_COMPILER_GENERATE_SWIFT_ASSET_SYMBOL_EXTENSIONS = YES;
				CLANG_ANALYZER_NONNULL = YES;
				CLANG_ANALYZER_NUMBER_OBJECT_CONVERSION = YES_AGGRESSIVE;
				CLANG_CXX_LANGUAGE_STANDARD = "gnu++20";
				CLANG_ENABLE_MODULES = YES;
				CLANG_ENABLE_OBJC_ARC = YES;
				CLANG_ENABLE_OBJC_WEAK = YES;
				CLANG_WARN_BLOCK_CAPTURE_AUTORELEASING = YES;
				CLANG_WARN_BOOL_CONVERSION = YES;
				CLANG_WARN_COMMA = YES;
				CLANG_WARN_CONSTANT_CONVERSION = YES;
				CLANG_WARN_DEPRECATED_OBJC_IMPLEMENTATIONS = YES;
				CLANG_WARN_DIRECT_OBJC_ISA_USAGE = YES_ERROR;
				CLANG_WARN_DOCUMENTATION_COMMENTS = YES;
				CLANG_WARN_EMPTY_BODY = YES;
				CLANG_WARN_ENUM_CONVERSION = YES;
				CLANG_WARN_INFINITE_RECURSION = YES;
				CLANG_WARN_INT_CONVERSION = YES;
				CLANG_WARN_NON_LITERAL_NULL_CONVERSION = YES;
				CLANG_WARN_OBJC_IMPLICIT_RETAIN_SELF = YES;
				CLANG_WARN_OBJC_LITERAL_CONVERSION = YES;
				CLANG_WARN_OBJC_ROOT_CLASS = YES_ERROR;
				CLANG_WARN_QUOTED_INCLUDE_IN_FRAMEWORK_HEADER = YES;
				CLANG_WARN_RANGE_LOOP_ANALYSIS = YES;
				CLANG_WARN_STRICT_PROTOTYPES = YES;
				CLANG_WARN_SUSPICIOUS_MOVE = YES;
				CLANG_WARN_UNGUARDED_AVAILABILITY = YES_AGGRESSIVE;
				CLANG_WARN_UNREACHABLE_CODE = YES;
				CLANG_WARN__DUPLICATE_METHOD_MATCH = YES;
				COPY_PHASE_STRIP = NO;
				DEBUG_INFORMATION_FORMAT = dwarf;
				ENABLE_STRICT_OBJC_MSGSEND = YES;
				ENABLE_TESTABILITY = YES;
				ENABLE_USER_SCRIPT_SANDBOXING = YES;
				GCC_C_LANGUAGE_STANDARD = gnu17;
				GCC_DYNAMIC_NO_PIC = NO;
				GCC_NO_COMMON_BLOCKS = YES;
				GCC_OPTIMIZATION_LEVEL = 0;
				GCC_PREPROCESSOR_DEFINITIONS = (
					"DEBUG=1",
					"$(inherited)",
				);
				GCC_WARN_64_TO_32_BIT_CONVERSION = YES;
				GCC_WARN_ABOUT_RETURN_TYPE = YES_ERROR;
				GCC_WARN_UNDECLARED_SELECTOR = YES;
				GCC_WARN_UNINITIALIZED_AUTOS = YES_AGGRESSIVE;
				GCC_WARN_UNUSED_FUNCTION = YES;
				GCC_WARN_UNUSED_VARIABLE = YES;
				IPHONEOS_DEPLOYMENT_TARGET = 18.2;
				LOCALIZATION_PREFERS_STRING_CATALOGS = YES;
				MTL_ENABLE_DEBUG_INFO = INCLUDE_SOURCE;
				MTL_FAST_MATH = YES;
				ONLY_ACTIVE_ARCH = YES;
				SDKROOT = iphoneos;
				SWIFT_ACTIVE_COMPILATION_CONDITIONS = "DEBUG $(inherited)";
				SWIFT_OPTIMIZATION_LEVEL = "-Onone";
			};
			name = Debug;
		};
		263F48702D67C6B20024A8E2 /* Release */ = {
			isa = XCBuildConfiguration;
			buildSettings = {
				ALWAYS_SEARCH_USER_PATHS = NO;
				ASSETCATALOG_COMPILER_GENERATE_SWIFT_ASSET_SYMBOL_EXTENSIONS = YES;
				CLANG_ANALYZER_NONNULL = YES;
				CLANG_ANALYZER_NUMBER_OBJECT_CONVERSION = YES_AGGRESSIVE;
				CLANG_CXX_LANGUAGE_STANDARD = "gnu++20";
				CLANG_ENABLE_MODULES = YES;
				CLANG_ENABLE_OBJC_ARC = YES;
				CLANG_ENABLE_OBJC_WEAK = YES;
				CLANG_WARN_BLOCK_CAPTURE_AUTORELEASING = YES;
				CLANG_WARN_BOOL_CONVERSION = YES;
				CLANG_WARN_COMMA = YES;
				CLANG_WARN_CONSTANT_CONVERSION = YES;
				CLANG_WARN_DEPRECATED_OBJC_IMPLEMENTATIONS = YES;
				CLANG_WARN_DIRECT_OBJC_ISA_USAGE = YES_ERROR;
				CLANG_WARN_DOCUMENTATION_COMMENTS = YES;
				CLANG_WARN_EMPTY_BODY = YES;
				CLANG_WARN_ENUM_CONVERSION = YES;
				CLANG_WARN_INFINITE_RECURSION = YES;
				CLANG_WARN_INT_CONVERSION = YES;
				CLANG_WARN_NON_LITERAL_NULL_CONVERSION = YES;
				CLANG_WARN_OBJC_IMPLICIT_RETAIN_SELF = YES;
				CLANG_WARN_OBJC_LITERAL_CONVERSION = YES;
				CLANG_WARN_OBJC_ROOT_CLASS = YES_ERROR;
				CLANG_WARN_QUOTED_INCLUDE_IN_FRAMEWORK_HEADER = YES;
				CLANG_WARN_RANGE_LOOP_ANALYSIS = YES;
				CLANG_WARN_STRICT_PROTOTYPES = YES;
				CLANG_WARN_SUSPICIOUS_MOVE = YES;
				CLANG_WARN_UNGUARDED_AVAILABILITY = YES_AGGRESSIVE;
				CLANG_WARN_UNREACHABLE_CODE = YES;
				CLANG_WARN__DUPLICATE_METHOD_MATCH = YES;
				COPY_PHASE_STRIP = NO;
				DEBUG_INFORMATION_FORMAT = "dwarf-with-dsym";
				ENABLE_NS_ASSERTIONS = NO;
				ENABLE_STRICT_OBJC_MSGSEND = YES;
				ENABLE_USER_SCRIPT_SANDBOXING = YES;
				GCC_C_LANGUAGE_STANDARD = gnu17;
				GCC_NO_COMMON_BLOCKS = YES;
				GCC_WARN_64_TO_32_BIT_CONVERSION = YES;
				GCC_WARN_ABOUT_RETURN_TYPE = YES_ERROR;
				GCC_WARN_UNDECLARED_SELECTOR = YES;
				GCC_WARN_UNINITIALIZED_AUTOS = YES_AGGRESSIVE;
				GCC_WARN_UNUSED_FUNCTION = YES;
				GCC_WARN_UNUSED_VARIABLE = YES;
				IPHONEOS_DEPLOYMENT_TARGET = 18.2;
				LOCALIZATION_PREFERS_STRING_CATALOGS = YES;
				MTL_ENABLE_DEBUG_INFO = NO;
				MTL_FAST_MATH = YES;
				SDKROOT = iphoneos;
				SWIFT_COMPILATION_MODE = wholemodule;
				VALIDATE_PRODUCT = YES;
			};
			name = Release;
		};
		263F48722D67C6B20024A8E2 /* Debug */ = {
			isa = XCBuildConfiguration;
			buildSettings = {
				ASSETCATALOG_COMPILER_APPICON_NAME = AppIcon;
				ASSETCATALOG_COMPILER_GLOBAL_ACCENT_COLOR_NAME = AccentColor;
				CODE_SIGN_STYLE = Automatic;
				CURRENT_PROJECT_VERSION = 1;
				DEVELOPMENT_ASSET_PATHS = "\"FacebookSwiftUI/Preview Content\"";
				DEVELOPMENT_TEAM = GDH63KYKJ3;
				ENABLE_PREVIEWS = YES;
				GENERATE_INFOPLIST_FILE = YES;
				INFOPLIST_KEY_UIApplicationSceneManifest_Generation = YES;
				INFOPLIST_KEY_UIApplicationSupportsIndirectInputEvents = YES;
				INFOPLIST_KEY_UILaunchScreen_Generation = YES;
				INFOPLIST_KEY_UISupportedInterfaceOrientations_iPad = "UIInterfaceOrientationPortrait UIInterfaceOrientationPortraitUpsideDown UIInterfaceOrientationLandscapeLeft UIInterfaceOrientationLandscapeRight";
				INFOPLIST_KEY_UISupportedInterfaceOrientations_iPhone = "UIInterfaceOrientationPortrait UIInterfaceOrientationLandscapeLeft UIInterfaceOrientationLandscapeRight";
				LD_RUNPATH_SEARCH_PATHS = (
					"$(inherited)",
					"@executable_path/Frameworks",
				);
				MARKETING_VERSION = 1.0;
				PRODUCT_BUNDLE_IDENTIFIER = com.lyle.FacebookSwiftUI;
				PRODUCT_NAME = "$(TARGET_NAME)";
				SWIFT_EMIT_LOC_STRINGS = YES;
				SWIFT_VERSION = 5.0;
				TARGETED_DEVICE_FAMILY = "1,2";
			};
			name = Debug;
		};
		263F48732D67C6B20024A8E2 /* Release */ = {
			isa = XCBuildConfiguration;
			buildSettings = {
				ASSETCATALOG_COMPILER_APPICON_NAME = AppIcon;
				ASSETCATALOG_COMPILER_GLOBAL_ACCENT_COLOR_NAME = AccentColor;
				CODE_SIGN_STYLE = Automatic;
				CURRENT_PROJECT_VERSION = 1;
				DEVELOPMENT_ASSET_PATHS = "\"FacebookSwiftUI/Preview Content\"";
				DEVELOPMENT_TEAM = GDH63KYKJ3;
				ENABLE_PREVIEWS = YES;
				GENERATE_INFOPLIST_FILE = YES;
				INFOPLIST_KEY_UIApplicationSceneManifest_Generation = YES;
				INFOPLIST_KEY_UIApplicationSupportsIndirectInputEvents = YES;
				INFOPLIST_KEY_UILaunchScreen_Generation = YES;
				INFOPLIST_KEY_UISupportedInterfaceOrientations_iPad = "UIInterfaceOrientationPortrait UIInterfaceOrientationPortraitUpsideDown UIInterfaceOrientationLandscapeLeft UIInterfaceOrientationLandscapeRight";
				INFOPLIST_KEY_UISupportedInterfaceOrientations_iPhone = "UIInterfaceOrientationPortrait UIInterfaceOrientationLandscapeLeft UIInterfaceOrientationLandscapeRight";
				LD_RUNPATH_SEARCH_PATHS = (
					"$(inherited)",
					"@executable_path/Frameworks",
				);
				MARKETING_VERSION = 1.0;
				PRODUCT_BUNDLE_IDENTIFIER = com.lyle.FacebookSwiftUI;
				PRODUCT_NAME = "$(TARGET_NAME)";
				SWIFT_EMIT_LOC_STRINGS = YES;
				SWIFT_VERSION = 5.0;
				TARGETED_DEVICE_FAMILY = "1,2";
			};
			name = Release;
		};
/* End XCBuildConfiguration section */

/* Begin XCConfigurationList section */
		263F485E2D67C6B10024A8E2 /* Build configuration list for PBXProject "FacebookSwiftUI" */ = {
			isa = XCConfigurationList;
			buildConfigurations = (
				263F486F2D67C6B20024A8E2 /* Debug */,
				263F48702D67C6B20024A8E2 /* Release */,
			);
			defaultConfigurationIsVisible = 0;
			defaultConfigurationName = Release;
		};
		263F48712D67C6B20024A8E2 /* Build configuration list for PBXNativeTarget "FacebookSwiftUI" */ = {
			isa = XCConfigurationList;
			buildConfigurations = (
				263F48722D67C6B20024A8E2 /* Debug */,
				263F48732D67C6B20024A8E2 /* Release */,
			);
			defaultConfigurationIsVisible = 0;
			defaultConfigurationName = Release;
		};
/* End XCConfigurationList section */
	};
	rootObject = 263F485B2D67C6B10024A8E2 /* Project object */;
}
